// !$*UTF8*$!
{
	archiveVersion = 1;
	classes = {
	};
	objectVersion = 50;
	objects = {

/* Begin PBXBuildFile section */
		EBA4A5DE20A56B2600A02552 /* AppDelegate.swift in Sources */ = {isa = PBXBuildFile; fileRef = EBA4A5DD20A56B2600A02552 /* AppDelegate.swift */; };
		EBA4A5E020A56B2600A02552 /* ViewController.swift in Sources */ = {isa = PBXBuildFile; fileRef = EBA4A5DF20A56B2600A02552 /* ViewController.swift */; };
		EBA4A5E320A56B2600A02552 /* Main.storyboard in Resources */ = {isa = PBXBuildFile; fileRef = EBA4A5E120A56B2600A02552 /* Main.storyboard */; };
		EBA4A5E520A56B2700A02552 /* Assets.xcassets in Resources */ = {isa = PBXBuildFile; fileRef = EBA4A5E420A56B2700A02552 /* Assets.xcassets */; };
		EBA4A5E820A56B2700A02552 /* LaunchScreen.storyboard in Resources */ = {isa = PBXBuildFile; fileRef = EBA4A5E620A56B2700A02552 /* LaunchScreen.storyboard */; };
		EBA4A5F020A56D7300A02552 /* AddMemoViewController.swift in Sources */ = {isa = PBXBuildFile; fileRef = EBA4A5EF20A56D7300A02552 /* AddMemoViewController.swift */; };
		EBA4A5F220A56EA400A02552 /* DetailViewController.swift in Sources */ = {isa = PBXBuildFile; fileRef = EBA4A5F120A56EA400A02552 /* DetailViewController.swift */; };
		EBA4A5F420A5817800A02552 /* Makinas-Scrap-5.otf in Resources */ = {isa = PBXBuildFile; fileRef = EBA4A5F320A5817700A02552 /* Makinas-Scrap-5.otf */; };
/* End PBXBuildFile section */

/* Begin PBXFileReference section */
		EBA4A5DA20A56B2500A02552 /* MemoSample.app */ = {isa = PBXFileReference; explicitFileType = wrapper.application; includeInIndex = 0; path = MemoSample.app; sourceTree = BUILT_PRODUCTS_DIR; };
		EBA4A5DD20A56B2600A02552 /* AppDelegate.swift */ = {isa = PBXFileReference; lastKnownFileType = sourcecode.swift; path = AppDelegate.swift; sourceTree = "<group>"; };
		EBA4A5DF20A56B2600A02552 /* ViewController.swift */ = {isa = PBXFileReference; lastKnownFileType = sourcecode.swift; path = ViewController.swift; sourceTree = "<group>"; };
		EBA4A5E220A56B2600A02552 /* Base */ = {isa = PBXFileReference; lastKnownFileType = file.storyboard; name = Base; path = Base.lproj/Main.storyboard; sourceTree = "<group>"; };
		EBA4A5E420A56B2700A02552 /* Assets.xcassets */ = {isa = PBXFileReference; lastKnownFileType = folder.assetcatalog; path = Assets.xcassets; sourceTree = "<group>"; };
		EBA4A5E720A56B2700A02552 /* Base */ = {isa = PBXFileReference; lastKnownFileType = file.storyboard; name = Base; path = Base.lproj/LaunchScreen.storyboard; sourceTree = "<group>"; };
		EBA4A5E920A56B2700A02552 /* Info.plist */ = {isa = PBXFileReference; lastKnownFileType = text.plist.xml; path = Info.plist; sourceTree = "<group>"; };
		EBA4A5EF20A56D7300A02552 /* AddMemoViewController.swift */ = {isa = PBXFileReference; lastKnownFileType = sourcecode.swift; path = AddMemoViewController.swift; sourceTree = "<group>"; };
		EBA4A5F120A56EA400A02552 /* DetailViewController.swift */ = {isa = PBXFileReference; lastKnownFileType = sourcecode.swift; path = DetailViewController.swift; sourceTree = "<group>"; };
		EBA4A5F320A5817700A02552 /* Makinas-Scrap-5.otf */ = {isa = PBXFileReference; lastKnownFileType = file; path = "Makinas-Scrap-5.otf"; sourceTree = "<group>"; };
/* End PBXFileReference section */

/* Begin PBXFrameworksBuildPhase section */
		EBA4A5D720A56B2500A02552 /* Frameworks */ = {
			isa = PBXFrameworksBuildPhase;
			buildActionMask = 2147483647;
			files = (
			);
			runOnlyForDeploymentPostprocessing = 0;
		};
/* End PBXFrameworksBuildPhase section */

/* Begin PBXGroup section */
		EBA4A5D120A56B2500A02552 = {
			isa = PBXGroup;
			children = (
				EBA4A5DC20A56B2500A02552 /* MemoSample */,
				EBA4A5DB20A56B2500A02552 /* Products */,
			);
			sourceTree = "<group>";
		};
		EBA4A5DB20A56B2500A02552 /* Products */ = {
			isa = PBXGroup;
			children = (
				EBA4A5DA20A56B2500A02552 /* MemoSample.app */,
			);
			name = Products;
			sourceTree = "<group>";
		};
		EBA4A5DC20A56B2500A02552 /* MemoSample */ = {
			isa = PBXGroup;
			children = (
				EBA4A5DD20A56B2600A02552 /* AppDelegate.swift */,
				EBA4A5DF20A56B2600A02552 /* ViewController.swift */,
				EBA4A5F320A5817700A02552 /* Makinas-Scrap-5.otf */,
				EBA4A5EF20A56D7300A02552 /* AddMemoViewController.swift */,
				EBA4A5F120A56EA400A02552 /* DetailViewController.swift */,
				EBA4A5E120A56B2600A02552 /* Main.storyboard */,
				EBA4A5E420A56B2700A02552 /* Assets.xcassets */,
				EBA4A5E620A56B2700A02552 /* LaunchScreen.storyboard */,
				EBA4A5E920A56B2700A02552 /* Info.plist */,
			);
			path = MemoSample;
			sourceTree = "<group>";
		};
/* End PBXGroup section */

/* Begin PBXNativeTarget section */
		EBA4A5D920A56B2500A02552 /* MemoSample */ = {
			isa = PBXNativeTarget;
			buildConfigurationList = EBA4A5EC20A56B2700A02552 /* Build configuration list for PBXNativeTarget "MemoSample" */;
			buildPhases = (
				EBA4A5D620A56B2500A02552 /* Sources */,
				EBA4A5D720A56B2500A02552 /* Frameworks */,
				EBA4A5D820A56B2500A02552 /* Resources */,
			);
			buildRules = (
			);
			dependencies = (
			);
			name = MemoSample;
			productName = MemoSample;
			productReference = EBA4A5DA20A56B2500A02552 /* MemoSample.app */;
			productType = "com.apple.product-type.application";
		};
/* End PBXNativeTarget section */

/* Begin PBXProject section */
		EBA4A5D220A56B2500A02552 /* Project object */ = {
			isa = PBXProject;
			attributes = {
				LastSwiftUpdateCheck = 0930;
				LastUpgradeCheck = 0930;
				ORGANIZATIONNAME = seika;
				TargetAttributes = {
					EBA4A5D920A56B2500A02552 = {
						CreatedOnToolsVersion = 9.3;
					};
				};
			};
			buildConfigurationList = EBA4A5D520A56B2500A02552 /* Build configuration list for PBXProject "MemoSample" */;
			compatibilityVersion = "Xcode 9.3";
			developmentRegion = en;
			hasScannedForEncodings = 0;
			knownRegions = (
				en,
				Base,
			);
			mainGroup = EBA4A5D120A56B2500A02552;
			productRefGroup = EBA4A5DB20A56B2500A02552 /* Products */;
			projectDirPath = "";
			projectRoot = "";
			targets = (
				EBA4A5D920A56B2500A02552 /* MemoSample */,
			);
		};
/* End PBXProject section */

/* Begin PBXResourcesBuildPhase section */
		EBA4A5D820A56B2500A02552 /* Resources */ = {
			isa = PBXResourcesBuildPhase;
			buildActionMask = 2147483647;
			files = (
				EBA4A5E820A56B2700A02552 /* LaunchScreen.storyboard in Resources */,
				EBA4A5E520A56B2700A02552 /* Assets.xcassets in Resources */,
				EBA4A5F420A5817800A02552 /* Makinas-Scrap-5.otf in Resources */,
				EBA4A5E320A56B2600A02552 /* Main.storyboard in Resources */,
			);
			runOnlyForDeploymentPostprocessing = 0;
		};
/* End PBXResourcesBuildPhase section */

/* Begin PBXSourcesBuildPhase section */
		EBA4A5D620A56B2500A02552 /* Sources */ = {
			isa = PBXSourcesBuildPhase;
			buildActionMask = 2147483647;
			files = (
				EBA4A5F020A56D7300A02552 /* AddMemoViewController.swift in Sources */,
				EBA4A5E020A56B2600A02552 /* ViewController.swift in Sources */,
				EBA4A5DE20A56B2600A02552 /* AppDelegate.swift in Sources */,
				EBA4A5F220A56EA400A02552 /* DetailViewController.swift in Sources */,
			);
			runOnlyForDeploymentPostprocessing = 0;
		};
/* End PBXSourcesBuildPhase section */

/* Begin PBXVariantGroup section */
		EBA4A5E120A56B2600A02552 /* Main.storyboard */ = {
			isa = PBXVariantGroup;
			children = (
				EBA4A5E220A56B2600A02552 /* Base */,
			);
			name = Main.storyboard;
			sourceTree = "<group>";
		};
		EBA4A5E620A56B2700A02552 /* LaunchScreen.storyboard */ = {
			isa = PBXVariantGroup;
			children = (
				EBA4A5E720A56B2700A02552 /* Base */,
			);
			name = LaunchScreen.storyboard;
			sourceTree = "<group>";
		};
/* End PBXVariantGroup section */

/* Begin XCBuildConfiguration section */
		EBA4A5EA20A56B2700A02552 /* Debug */ = {
			isa = XCBuildConfiguration;
			buildSettings = {
				ALWAYS_SEARCH_USER_PATHS = NO;
				CLANG_ANALYZER_NONNULL = YES;
				CLANG_ANALYZER_NUMBER_OBJECT_CONVERSION = YES_AGGRESSIVE;
				CLANG_CXX_LANGUAGE_STANDARD = "gnu++14";
				CLANG_CXX_LIBRARY = "libc++";
				CLANG_ENABLE_MODULES = YES;
				CLANG_ENABLE_OBJC_ARC = YES;
				CLANG_ENABLE_OBJC_WEAK = YES;
				CLANG_WARN_BLOCK_CAPTURE_AUTORELEASING = YES;
				CLANG_WARN_BOOL_CONVERSION = YES;
				CLANG_WARN_COMMA = YES;
				CLANG_WARN_CONSTANT_CONVERSION = YES;
				CLANG_WARN_DEPRECATED_OBJC_IMPLEMENTATIONS = YES;
				CLANG_WARN_DIRECT_OBJC_ISA_USAGE = YES_ERROR;
				CLANG_WARN_DOCUMENTATION_COMMENTS = YES;
				CLANG_WARN_EMPTY_BODY = YES;
				CLANG_WARN_ENUM_CONVERSION = YES;
				CLANG_WARN_INFINITE_RECURSION = YES;
				CLANG_WARN_INT_CONVERSION = YES;
				CLANG_WARN_NON_LITERAL_NULL_CONVERSION = YES;
				CLANG_WARN_OBJC_IMPLICIT_RETAIN_SELF = YES;
				CLANG_WARN_OBJC_LITERAL_CONVERSION = YES;
				CLANG_WARN_OBJC_ROOT_CLASS = YES_ERROR;
				CLANG_WARN_RANGE_LOOP_ANALYSIS = YES;
				CLANG_WARN_STRICT_PROTOTYPES = YES;
				CLANG_WARN_SUSPICIOUS_MOVE = YES;
				CLANG_WARN_UNGUARDED_AVAILABILITY = YES_AGGRESSIVE;
				CLANG_WARN_UNREACHABLE_CODE = YES;
				CLANG_WARN__DUPLICATE_METHOD_MATCH = YES;
				CODE_SIGN_IDENTITY = "iPhone Developer";
				COPY_PHASE_STRIP = NO;
				DEBUG_INFORMATION_FORMAT = dwarf;
				ENABLE_STRICT_OBJC_MSGSEND = YES;
				ENABLE_TESTABILITY = YES;
				GCC_C_LANGUAGE_STANDARD = gnu11;
				GCC_DYNAMIC_NO_PIC = NO;
				GCC_NO_COMMON_BLOCKS = YES;
				GCC_OPTIMIZATION_LEVEL = 0;
				GCC_PREPROCESSOR_DEFINITIONS = (
					"DEBUG=1",
					"$(inherited)",
				);
				GCC_WARN_64_TO_32_BIT_CONVERSION = YES;
				GCC_WARN_ABOUT_RETURN_TYPE = YES_ERROR;
				GCC_WARN_UNDECLARED_SELECTOR = YES;
				GCC_WARN_UNINITIALIZED_AUTOS = YES_AGGRESSIVE;
				GCC_WARN_UNUSED_FUNCTION = YES;
				GCC_WARN_UNUSED_VARIABLE = YES;
				IPHONEOS_DEPLOYMENT_TARGET = 11.3;
				MTL_ENABLE_DEBUG_INFO = YES;
				ONLY_ACTIVE_ARCH = YES;
				SDKROOT = iphoneos;
				SWIFT_ACTIVE_COMPILATION_CONDITIONS = DEBUG;
				SWIFT_OPTIMIZATION_LEVEL = "-Onone";
			};
			name = Debug;
		};
		EBA4A5EB20A56B2700A02552 /* Release */ = {
			isa = XCBuildConfiguration;
			buildSettings = {
				ALWAYS_SEARCH_USER_PATHS = NO;
				CLANG_ANALYZER_NONNULL = YES;
				CLANG_ANALYZER_NUMBER_OBJECT_CONVERSION = YES_AGGRESSIVE;
				CLANG_CXX_LANGUAGE_STANDARD = "gnu++14";
				CLANG_CXX_LIBRARY = "libc++";
				CLANG_ENABLE_MODULES = YES;
				CLANG_ENABLE_OBJC_ARC = YES;
				CLANG_ENABLE_OBJC_WEAK = YES;
				CLANG_WARN_BLOCK_CAPTURE_AUTORELEASING = YES;
				CLANG_WARN_BOOL_CONVERSION = YES;
				CLANG_WARN_COMMA = YES;
				CLANG_WARN_CONSTANT_CONVERSION = YES;
				CLANG_WARN_DEPRECATED_OBJC_IMPLEMENTATIONS = YES;
				CLANG_WARN_DIRECT_OBJC_ISA_USAGE = YES_ERROR;
				CLANG_WARN_DOCUMENTATION_COMMENTS = YES;
				CLANG_WARN_EMPTY_BODY = YES;
				CLANG_WARN_ENUM_CONVERSION = YES;
				CLANG_WARN_INFINITE_RECURSION = YES;
				CLANG_WARN_INT_CONVERSION = YES;
				CLANG_WARN_NON_LITERAL_NULL_CONVERSION = YES;
				CLANG_WARN_OBJC_IMPLICIT_RETAIN_SELF = YES;
				CLANG_WARN_OBJC_LITERAL_CONVERSION = YES;
				CLANG_WARN_OBJC_ROOT_CLASS = YES_ERROR;
				CLANG_WARN_RANGE_LOOP_ANALYSIS = YES;
				CLANG_WARN_STRICT_PROTOTYPES = YES;
				CLANG_WARN_SUSPICIOUS_MOVE = YES;
				CLANG_WARN_UNGUARDED_AVAILABILITY = YES_AGGRESSIVE;
				CLANG_WARN_UNREACHABLE_CODE = YES;
				CLANG_WARN__DUPLICATE_METHOD_MATCH = YES;
				CODE_SIGN_IDENTITY = "iPhone Developer";
				COPY_PHASE_STRIP = NO;
				DEBUG_INFORMATION_FORMAT = "dwarf-with-dsym";
				ENABLE_NS_ASSERTIONS = NO;
				ENABLE_STRICT_OBJC_MSGSEND = YES;
				GCC_C_LANGUAGE_STANDARD = gnu11;
				GCC_NO_COMMON_BLOCKS = YES;
				GCC_WARN_64_TO_32_BIT_CONVERSION = YES;
				GCC_WARN_ABOUT_RETURN_TYPE = YES_ERROR;
				GCC_WARN_UNDECLARED_SELECTOR = YES;
				GCC_WARN_UNINITIALIZED_AUTOS = YES_AGGRESSIVE;
				GCC_WARN_UNUSED_FUNCTION = YES;
				GCC_WARN_UNUSED_VARIABLE = YES;
				IPHONEOS_DEPLOYMENT_TARGET = 11.3;
				MTL_ENABLE_DEBUG_INFO = NO;
				SDKROOT = iphoneos;
				SWIFT_COMPILATION_MODE = wholemodule;
				SWIFT_OPTIMIZATION_LEVEL = "-O";
				VALIDATE_PRODUCT = YES;
			};
			name = Release;
		};
		EBA4A5ED20A56B2700A02552 /* Debug */ = {
			isa = XCBuildConfiguration;
			buildSettings = {
				ASSETCATALOG_COMPILER_APPICON_NAME = AppIcon;
				CODE_SIGN_STYLE = Automatic;
				INFOPLIST_FILE = MemoSample/Info.plist;
				LD_RUNPATH_SEARCH_PATHS = (
					"$(inherited)",
					"@executable_path/Frameworks",
				);
				PRODUCT_BUNDLE_IDENTIFIER = seika.com.MemoSample;
				PRODUCT_NAME = "$(TARGET_NAME)";
				SWIFT_VERSION = 4.0;
				TARGETED_DEVICE_FAMILY = "1,2";
			};
			name = Debug;
		};
		EBA4A5EE20A56B2700A02552 /* Release */ = {
			isa = XCBuildConfiguration;
			buildSettings = {
				ASSETCATALOG_COMPILER_APPICON_NAME = AppIcon;
				CODE_SIGN_STYLE = Automatic;
				INFOPLIST_FILE = MemoSample/Info.plist;
				LD_RUNPATH_SEARCH_PATHS = (
					"$(inherited)",
					"@executable_path/Frameworks",
				);
				PRODUCT_BUNDLE_IDENTIFIER = seika.com.MemoSample;
				PRODUCT_NAME = "$(TARGET_NAME)";
				SWIFT_VERSION = 4.0;
				TARGETED_DEVICE_FAMILY = "1,2";
			};
			name = Release;
		};
/* End XCBuildConfiguration section */

/* Begin XCConfigurationList section */
		EBA4A5D520A56B2500A02552 /* Build configuration list for PBXProject "MemoSample" */ = {
			isa = XCConfigurationList;
			buildConfigurations = (
				EBA4A5EA20A56B2700A02552 /* Debug */,
				EBA4A5EB20A56B2700A02552 /* Release */,
			);
			defaultConfigurationIsVisible = 0;
			defaultConfigurationName = Release;
		};
		EBA4A5EC20A56B2700A02552 /* Build configuration list for PBXNativeTarget "MemoSample" */ = {
			isa = XCConfigurationList;
			buildConfigurations = (
				EBA4A5ED20A56B2700A02552 /* Debug */,
				EBA4A5EE20A56B2700A02552 /* Release */,
			);
			defaultConfigurationIsVisible = 0;
			defaultConfigurationName = Release;
		};
/* End XCConfigurationList section */
	};
	rootObject = EBA4A5D220A56B2500A02552 /* Project object */;
}
