// !$*UTF8*$!
{
	archiveVersion = 1;
	classes = {
	};
	objectVersion = 50;
	objects = {

/* Begin PBXBuildFile section */
		EB6E896920AC4A4000463196 /* AppDelegate.swift in Sources */ = {isa = PBXBuildFile; fileRef = EB6E896820AC4A4000463196 /* AppDelegate.swift */; };
		EB6E896B20AC4A4000463196 /* ViewController.swift in Sources */ = {isa = PBXBuildFile; fileRef = EB6E896A20AC4A4000463196 /* ViewController.swift */; };
		EB6E896E20AC4A4000463196 /* Main.storyboard in Resources */ = {isa = PBXBuildFile; fileRef = EB6E896C20AC4A4000463196 /* Main.storyboard */; };
		EB6E897020AC4A4200463196 /* Assets.xcassets in Resources */ = {isa = PBXBuildFile; fileRef = EB6E896F20AC4A4200463196 /* Assets.xcassets */; };
		EB6E897320AC4A4200463196 /* LaunchScreen.storyboard in Resources */ = {isa = PBXBuildFile; fileRef = EB6E897120AC4A4200463196 /* LaunchScreen.storyboard */; };
		EB6E897B20AC515500463196 /* OpenViewController.swift in Sources */ = {isa = PBXBuildFile; fileRef = EB6E897A20AC515500463196 /* OpenViewController.swift */; };
		EB6E897E20AD7ADD00463196 /* NewViewController.swift in Sources */ = {isa = PBXBuildFile; fileRef = EB6E897D20AD7ADD00463196 /* NewViewController.swift */; };
		EBA2222B20D8B3D7005486E5 /* MainViewController.swift in Sources */ = {isa = PBXBuildFile; fileRef = EBA2222A20D8B3D7005486E5 /* MainViewController.swift */; };
		EBA2222D20D8B3FC005486E5 /* CustomCollectionViewCell.swift in Sources */ = {isa = PBXBuildFile; fileRef = EBA2222C20D8B3FC005486E5 /* CustomCollectionViewCell.swift */; };
		EBA2223320D8D3DA005486E5 /* CustomNavigationBar.swift in Sources */ = {isa = PBXBuildFile; fileRef = EBA2223220D8D3DA005486E5 /* CustomNavigationBar.swift */; };
/* End PBXBuildFile section */

/* Begin PBXFileReference section */
		EB6E896520AC4A4000463196 /* Tatekae.app */ = {isa = PBXFileReference; explicitFileType = wrapper.application; includeInIndex = 0; path = Tatekae.app; sourceTree = BUILT_PRODUCTS_DIR; };
		EB6E896820AC4A4000463196 /* AppDelegate.swift */ = {isa = PBXFileReference; lastKnownFileType = sourcecode.swift; path = AppDelegate.swift; sourceTree = "<group>"; };
		EB6E896A20AC4A4000463196 /* ViewController.swift */ = {isa = PBXFileReference; lastKnownFileType = sourcecode.swift; path = ViewController.swift; sourceTree = "<group>"; };
		EB6E896D20AC4A4000463196 /* Base */ = {isa = PBXFileReference; lastKnownFileType = file.storyboard; name = Base; path = Base.lproj/Main.storyboard; sourceTree = "<group>"; };
		EB6E896F20AC4A4200463196 /* Assets.xcassets */ = {isa = PBXFileReference; lastKnownFileType = folder.assetcatalog; path = Assets.xcassets; sourceTree = "<group>"; };
		EB6E897220AC4A4200463196 /* Base */ = {isa = PBXFileReference; lastKnownFileType = file.storyboard; name = Base; path = Base.lproj/LaunchScreen.storyboard; sourceTree = "<group>"; };
		EB6E897420AC4A4200463196 /* Info.plist */ = {isa = PBXFileReference; lastKnownFileType = text.plist.xml; path = Info.plist; sourceTree = "<group>"; };
		EB6E897A20AC515500463196 /* OpenViewController.swift */ = {isa = PBXFileReference; lastKnownFileType = sourcecode.swift; path = OpenViewController.swift; sourceTree = "<group>"; };
		EB6E897D20AD7ADD00463196 /* NewViewController.swift */ = {isa = PBXFileReference; lastKnownFileType = sourcecode.swift; path = NewViewController.swift; sourceTree = "<group>"; };
		EBA2222A20D8B3D7005486E5 /* MainViewController.swift */ = {isa = PBXFileReference; lastKnownFileType = sourcecode.swift; path = MainViewController.swift; sourceTree = "<group>"; };
		EBA2222C20D8B3FC005486E5 /* CustomCollectionViewCell.swift */ = {isa = PBXFileReference; lastKnownFileType = sourcecode.swift; path = CustomCollectionViewCell.swift; sourceTree = "<group>"; };
		EBA2223220D8D3DA005486E5 /* CustomNavigationBar.swift */ = {isa = PBXFileReference; lastKnownFileType = sourcecode.swift; path = CustomNavigationBar.swift; sourceTree = "<group>"; };
/* End PBXFileReference section */

/* Begin PBXFrameworksBuildPhase section */
		EB6E896220AC4A4000463196 /* Frameworks */ = {
			isa = PBXFrameworksBuildPhase;
			buildActionMask = 2147483647;
			files = (
			);
			runOnlyForDeploymentPostprocessing = 0;
		};
/* End PBXFrameworksBuildPhase section */

/* Begin PBXGroup section */
		EB6E895C20AC4A4000463196 = {
			isa = PBXGroup;
			children = (
				EB6E896720AC4A4000463196 /* Tatekae */,
				EB6E896620AC4A4000463196 /* Products */,
			);
			sourceTree = "<group>";
		};
		EB6E896620AC4A4000463196 /* Products */ = {
			isa = PBXGroup;
			children = (
				EB6E896520AC4A4000463196 /* Tatekae.app */,
			);
			name = Products;
			sourceTree = "<group>";
		};
		EB6E896720AC4A4000463196 /* Tatekae */ = {
			isa = PBXGroup;
			children = (
				EBA2223220D8D3DA005486E5 /* CustomNavigationBar.swift */,
				EB6E896A20AC4A4000463196 /* ViewController.swift */,
				EB6E897D20AD7ADD00463196 /* NewViewController.swift */,
				EB6E897A20AC515500463196 /* OpenViewController.swift */,
				EBA2222A20D8B3D7005486E5 /* MainViewController.swift */,
				EBA2222C20D8B3FC005486E5 /* CustomCollectionViewCell.swift */,
				EB6E896820AC4A4000463196 /* AppDelegate.swift */,
				EB6E896C20AC4A4000463196 /* Main.storyboard */,
				EB6E896F20AC4A4200463196 /* Assets.xcassets */,
				EB6E897120AC4A4200463196 /* LaunchScreen.storyboard */,
				EB6E897420AC4A4200463196 /* Info.plist */,
			);
			path = Tatekae;
			sourceTree = "<group>";
		};
/* End PBXGroup section */

/* Begin PBXNativeTarget section */
		EB6E896420AC4A4000463196 /* Tatekae */ = {
			isa = PBXNativeTarget;
			buildConfigurationList = EB6E897720AC4A4200463196 /* Build configuration list for PBXNativeTarget "Tatekae" */;
			buildPhases = (
				EB6E896120AC4A4000463196 /* Sources */,
				EB6E896220AC4A4000463196 /* Frameworks */,
				EB6E896320AC4A4000463196 /* Resources */,
			);
			buildRules = (
			);
			dependencies = (
			);
			name = Tatekae;
			productName = Tatekae;
			productReference = EB6E896520AC4A4000463196 /* Tatekae.app */;
			productType = "com.apple.product-type.application";
		};
/* End PBXNativeTarget section */

/* Begin PBXProject section */
		EB6E895D20AC4A4000463196 /* Project object */ = {
			isa = PBXProject;
			attributes = {
				LastSwiftUpdateCheck = 0930;
				LastUpgradeCheck = 0930;
				ORGANIZATIONNAME = seika;
				TargetAttributes = {
					EB6E896420AC4A4000463196 = {
						CreatedOnToolsVersion = 9.3.1;
					};
				};
			};
			buildConfigurationList = EB6E896020AC4A4000463196 /* Build configuration list for PBXProject "Tatekae" */;
			compatibilityVersion = "Xcode 9.3";
			developmentRegion = en;
			hasScannedForEncodings = 0;
			knownRegions = (
				en,
				Base,
			);
			mainGroup = EB6E895C20AC4A4000463196;
			productRefGroup = EB6E896620AC4A4000463196 /* Products */;
			projectDirPath = "";
			projectRoot = "";
			targets = (
				EB6E896420AC4A4000463196 /* Tatekae */,
			);
		};
/* End PBXProject section */

/* Begin PBXResourcesBuildPhase section */
		EB6E896320AC4A4000463196 /* Resources */ = {
			isa = PBXResourcesBuildPhase;
			buildActionMask = 2147483647;
			files = (
				EB6E897320AC4A4200463196 /* LaunchScreen.storyboard in Resources */,
				EB6E897020AC4A4200463196 /* Assets.xcassets in Resources */,
				EB6E896E20AC4A4000463196 /* Main.storyboard in Resources */,
			);
			runOnlyForDeploymentPostprocessing = 0;
		};
/* End PBXResourcesBuildPhase section */

/* Begin PBXSourcesBuildPhase section */
		EB6E896120AC4A4000463196 /* Sources */ = {
			isa = PBXSourcesBuildPhase;
			buildActionMask = 2147483647;
			files = (
				EB6E896B20AC4A4000463196 /* ViewController.swift in Sources */,
				EBA2222D20D8B3FC005486E5 /* CustomCollectionViewCell.swift in Sources */,
				EB6E896920AC4A4000463196 /* AppDelegate.swift in Sources */,
				EB6E897B20AC515500463196 /* OpenViewController.swift in Sources */,
				EB6E897E20AD7ADD00463196 /* NewViewController.swift in Sources */,
				EBA2222B20D8B3D7005486E5 /* MainViewController.swift in Sources */,
				EBA2223320D8D3DA005486E5 /* CustomNavigationBar.swift in Sources */,
			);
			runOnlyForDeploymentPostprocessing = 0;
		};
/* End PBXSourcesBuildPhase section */

/* Begin PBXVariantGroup section */
		EB6E896C20AC4A4000463196 /* Main.storyboard */ = {
			isa = PBXVariantGroup;
			children = (
				EB6E896D20AC4A4000463196 /* Base */,
			);
			name = Main.storyboard;
			sourceTree = "<group>";
		};
		EB6E897120AC4A4200463196 /* LaunchScreen.storyboard */ = {
			isa = PBXVariantGroup;
			children = (
				EB6E897220AC4A4200463196 /* Base */,
			);
			name = LaunchScreen.storyboard;
			sourceTree = "<group>";
		};
/* End PBXVariantGroup section */

/* Begin XCBuildConfiguration section */
		EB6E897520AC4A4200463196 /* Debug */ = {
			isa = XCBuildConfiguration;
			buildSettings = {
				ALWAYS_SEARCH_USER_PATHS = NO;
				CLANG_ANALYZER_NONNULL = YES;
				CLANG_ANALYZER_NUMBER_OBJECT_CONVERSION = YES_AGGRESSIVE;
				CLANG_CXX_LANGUAGE_STANDARD = "gnu++14";
				CLANG_CXX_LIBRARY = "libc++";
				CLANG_ENABLE_MODULES = YES;
				CLANG_ENABLE_OBJC_ARC = YES;
				CLANG_ENABLE_OBJC_WEAK = YES;
				CLANG_WARN_BLOCK_CAPTURE_AUTORELEASING = YES;
				CLANG_WARN_BOOL_CONVERSION = YES;
				CLANG_WARN_COMMA = YES;
				CLANG_WARN_CONSTANT_CONVERSION = YES;
				CLANG_WARN_DEPRECATED_OBJC_IMPLEMENTATIONS = YES;
				CLANG_WARN_DIRECT_OBJC_ISA_USAGE = YES_ERROR;
				CLANG_WARN_DOCUMENTATION_COMMENTS = YES;
				CLANG_WARN_EMPTY_BODY = YES;
				CLANG_WARN_ENUM_CONVERSION = YES;
				CLANG_WARN_INFINITE_RECURSION = YES;
				CLANG_WARN_INT_CONVERSION = YES;
				CLANG_WARN_NON_LITERAL_NULL_CONVERSION = YES;
				CLANG_WARN_OBJC_IMPLICIT_RETAIN_SELF = YES;
				CLANG_WARN_OBJC_LITERAL_CONVERSION = YES;
				CLANG_WARN_OBJC_ROOT_CLASS = YES_ERROR;
				CLANG_WARN_RANGE_LOOP_ANALYSIS = YES;
				CLANG_WARN_STRICT_PROTOTYPES = YES;
				CLANG_WARN_SUSPICIOUS_MOVE = YES;
				CLANG_WARN_UNGUARDED_AVAILABILITY = YES_AGGRESSIVE;
				CLANG_WARN_UNREACHABLE_CODE = YES;
				CLANG_WARN__DUPLICATE_METHOD_MATCH = YES;
				CODE_SIGN_IDENTITY = "iPhone Developer";
				COPY_PHASE_STRIP = NO;
				DEBUG_INFORMATION_FORMAT = dwarf;
				ENABLE_STRICT_OBJC_MSGSEND = YES;
				ENABLE_TESTABILITY = YES;
				GCC_C_LANGUAGE_STANDARD = gnu11;
				GCC_DYNAMIC_NO_PIC = NO;
				GCC_NO_COMMON_BLOCKS = YES;
				GCC_OPTIMIZATION_LEVEL = 0;
				GCC_PREPROCESSOR_DEFINITIONS = (
					"DEBUG=1",
					"$(inherited)",
				);
				GCC_WARN_64_TO_32_BIT_CONVERSION = YES;
				GCC_WARN_ABOUT_RETURN_TYPE = YES_ERROR;
				GCC_WARN_UNDECLARED_SELECTOR = YES;
				GCC_WARN_UNINITIALIZED_AUTOS = YES_AGGRESSIVE;
				GCC_WARN_UNUSED_FUNCTION = YES;
				GCC_WARN_UNUSED_VARIABLE = YES;
				IPHONEOS_DEPLOYMENT_TARGET = 11.3;
				MTL_ENABLE_DEBUG_INFO = YES;
				ONLY_ACTIVE_ARCH = YES;
				SDKROOT = iphoneos;
				SWIFT_ACTIVE_COMPILATION_CONDITIONS = DEBUG;
				SWIFT_OPTIMIZATION_LEVEL = "-Onone";
			};
			name = Debug;
		};
		EB6E897620AC4A4200463196 /* Release */ = {
			isa = XCBuildConfiguration;
			buildSettings = {
				ALWAYS_SEARCH_USER_PATHS = NO;
				CLANG_ANALYZER_NONNULL = YES;
				CLANG_ANALYZER_NUMBER_OBJECT_CONVERSION = YES_AGGRESSIVE;
				CLANG_CXX_LANGUAGE_STANDARD = "gnu++14";
				CLANG_CXX_LIBRARY = "libc++";
				CLANG_ENABLE_MODULES = YES;
				CLANG_ENABLE_OBJC_ARC = YES;
				CLANG_ENABLE_OBJC_WEAK = YES;
				CLANG_WARN_BLOCK_CAPTURE_AUTORELEASING = YES;
				CLANG_WARN_BOOL_CONVERSION = YES;
				CLANG_WARN_COMMA = YES;
				CLANG_WARN_CONSTANT_CONVERSION = YES;
				CLANG_WARN_DEPRECATED_OBJC_IMPLEMENTATIONS = YES;
				CLANG_WARN_DIRECT_OBJC_ISA_USAGE = YES_ERROR;
				CLANG_WARN_DOCUMENTATION_COMMENTS = YES;
				CLANG_WARN_EMPTY_BODY = YES;
				CLANG_WARN_ENUM_CONVERSION = YES;
				CLANG_WARN_INFINITE_RECURSION = YES;
				CLANG_WARN_INT_CONVERSION = YES;
				CLANG_WARN_NON_LITERAL_NULL_CONVERSION = YES;
				CLANG_WARN_OBJC_IMPLICIT_RETAIN_SELF = YES;
				CLANG_WARN_OBJC_LITERAL_CONVERSION = YES;
				CLANG_WARN_OBJC_ROOT_CLASS = YES_ERROR;
				CLANG_WARN_RANGE_LOOP_ANALYSIS = YES;
				CLANG_WARN_STRICT_PROTOTYPES = YES;
				CLANG_WARN_SUSPICIOUS_MOVE = YES;
				CLANG_WARN_UNGUARDED_AVAILABILITY = YES_AGGRESSIVE;
				CLANG_WARN_UNREACHABLE_CODE = YES;
				CLANG_WARN__DUPLICATE_METHOD_MATCH = YES;
				CODE_SIGN_IDENTITY = "iPhone Developer";
				COPY_PHASE_STRIP = NO;
				DEBUG_INFORMATION_FORMAT = "dwarf-with-dsym";
				ENABLE_NS_ASSERTIONS = NO;
				ENABLE_STRICT_OBJC_MSGSEND = YES;
				GCC_C_LANGUAGE_STANDARD = gnu11;
				GCC_NO_COMMON_BLOCKS = YES;
				GCC_WARN_64_TO_32_BIT_CONVERSION = YES;
				GCC_WARN_ABOUT_RETURN_TYPE = YES_ERROR;
				GCC_WARN_UNDECLARED_SELECTOR = YES;
				GCC_WARN_UNINITIALIZED_AUTOS = YES_AGGRESSIVE;
				GCC_WARN_UNUSED_FUNCTION = YES;
				GCC_WARN_UNUSED_VARIABLE = YES;
				IPHONEOS_DEPLOYMENT_TARGET = 11.3;
				MTL_ENABLE_DEBUG_INFO = NO;
				SDKROOT = iphoneos;
				SWIFT_COMPILATION_MODE = wholemodule;
				SWIFT_OPTIMIZATION_LEVEL = "-O";
				VALIDATE_PRODUCT = YES;
			};
			name = Release;
		};
		EB6E897820AC4A4200463196 /* Debug */ = {
			isa = XCBuildConfiguration;
			buildSettings = {
				ASSETCATALOG_COMPILER_APPICON_NAME = AppIcon;
				CODE_SIGN_STYLE = Automatic;
				INFOPLIST_FILE = Tatekae/Info.plist;
				LD_RUNPATH_SEARCH_PATHS = (
					"$(inherited)",
					"@executable_path/Frameworks",
				);
				PRODUCT_BUNDLE_IDENTIFIER = seika.com.Tatekae;
				PRODUCT_NAME = "$(TARGET_NAME)";
				SWIFT_VERSION = 4.0;
				TARGETED_DEVICE_FAMILY = "1,2";
			};
			name = Debug;
		};
		EB6E897920AC4A4200463196 /* Release */ = {
			isa = XCBuildConfiguration;
			buildSettings = {
				ASSETCATALOG_COMPILER_APPICON_NAME = AppIcon;
				CODE_SIGN_STYLE = Automatic;
				INFOPLIST_FILE = Tatekae/Info.plist;
				LD_RUNPATH_SEARCH_PATHS = (
					"$(inherited)",
					"@executable_path/Frameworks",
				);
				PRODUCT_BUNDLE_IDENTIFIER = seika.com.Tatekae;
				PRODUCT_NAME = "$(TARGET_NAME)";
				SWIFT_VERSION = 4.0;
				TARGETED_DEVICE_FAMILY = "1,2";
			};
			name = Release;
		};
/* End XCBuildConfiguration section */

/* Begin XCConfigurationList section */
		EB6E896020AC4A4000463196 /* Build configuration list for PBXProject "Tatekae" */ = {
			isa = XCConfigurationList;
			buildConfigurations = (
				EB6E897520AC4A4200463196 /* Debug */,
				EB6E897620AC4A4200463196 /* Release */,
			);
			defaultConfigurationIsVisible = 0;
			defaultConfigurationName = Release;
		};
		EB6E897720AC4A4200463196 /* Build configuration list for PBXNativeTarget "Tatekae" */ = {
			isa = XCConfigurationList;
			buildConfigurations = (
				EB6E897820AC4A4200463196 /* Debug */,
				EB6E897920AC4A4200463196 /* Release */,
			);
			defaultConfigurationIsVisible = 0;
			defaultConfigurationName = Release;
		};
/* End XCConfigurationList section */
	};
	rootObject = EB6E895D20AC4A4000463196 /* Project object */;
}
